
Microsoft Visual Studio Solution File, Format Version 12.00
# Visual Studio 14
VisualStudioVersion = 14.0.25420.1
MinimumVisualStudioVersion = 10.0.40219.1
Project("{2150E333-8FDC-42A3-9474-1A3956D46DE8}") = "Mauren-CurrencyConverter", "Mauren-CurrencyConverter", "{AD26870A-E563-4717-B2D0-3A6D655A3A0C}"
EndProject
Project("{D954291E-2A0B-460D-934E-DC6B0785DB48}") = "Mauren-CurrencyConverter.Shared", "Mauren-CurrencyConverter\Mauren-CurrencyConverter.Shared\Mauren-CurrencyConverter.Shared.shproj", "{FF69EA1D-3E36-4920-BCA7-6485100D0ABF}"
EndProject
Project("{FAE04EC0-301F-11D3-BF4B-00C04F79EFBC}") = "Mauren-CurrencyConverter.Windows", "Mauren-CurrencyConverter\Mauren-CurrencyConverter.Windows\Mauren-CurrencyConverter.Windows.csproj", "{94C55298-415C-4159-AECF-FCD7CFF917F4}"
EndProject
Project("{FAE04EC0-301F-11D3-BF4B-00C04F79EFBC}") = "Mauren-CurrencyConverter.WindowsPhone", "Mauren-CurrencyConverter\Mauren-CurrencyConverter.WindowsPhone\Mauren-CurrencyConverter.WindowsPhone.csproj", "{8D99B9C3-DC12-453C-85DC-4CC6F5A0EDB0}"
EndProject
Global
	GlobalSection(SharedMSBuildProjectFiles) = preSolution
		Mauren-CurrencyConverter\Mauren-CurrencyConverter.Shared\Mauren-CurrencyConverter.Shared.projitems*{8d99b9c3-dc12-453c-85dc-4cc6f5a0edb0}*SharedItemsImports = 4
		Mauren-CurrencyConverter\Mauren-CurrencyConverter.Shared\Mauren-CurrencyConverter.Shared.projitems*{94c55298-415c-4159-aecf-fcd7cff917f4}*SharedItemsImports = 4
		Mauren-CurrencyConverter\Mauren-CurrencyConverter.Shared\Mauren-CurrencyConverter.Shared.projitems*{ff69ea1d-3e36-4920-bca7-6485100d0abf}*SharedItemsImports = 13
	EndGlobalSection
	GlobalSection(SolutionConfigurationPlatforms) = preSolution
		Debug|Any CPU = Debug|Any CPU
		Debug|ARM = Debug|ARM
		Debug|x64 = Debug|x64
		Debug|x86 = Debug|x86
		Release|Any CPU = Release|Any CPU
		Release|ARM = Release|ARM
		Release|x64 = Release|x64
		Release|x86 = Release|x86
	EndGlobalSection
	GlobalSection(ProjectConfigurationPlatforms) = postSolution
		{94C55298-415C-4159-AECF-FCD7CFF917F4}.Debug|Any CPU.ActiveCfg = Debug|Any CPU
		{94C55298-415C-4159-AECF-FCD7CFF917F4}.Debug|Any CPU.Build.0 = Debug|Any CPU
		{94C55298-415C-4159-AECF-FCD7CFF917F4}.Debug|Any CPU.Deploy.0 = Debug|Any CPU
		{94C55298-415C-4159-AECF-FCD7CFF917F4}.Debug|ARM.ActiveCfg = Debug|ARM
		{94C55298-415C-4159-AECF-FCD7CFF917F4}.Debug|ARM.Build.0 = Debug|ARM
		{94C55298-415C-4159-AECF-FCD7CFF917F4}.Debug|ARM.Deploy.0 = Debug|ARM
		{94C55298-415C-4159-AECF-FCD7CFF917F4}.Debug|x64.ActiveCfg = Debug|x64
		{94C55298-415C-4159-AECF-FCD7CFF917F4}.Debug|x64.Build.0 = Debug|x64
		{94C55298-415C-4159-AECF-FCD7CFF917F4}.Debug|x64.Deploy.0 = Debug|x64
		{94C55298-415C-4159-AECF-FCD7CFF917F4}.Debug|x86.ActiveCfg = Debug|x86
		{94C55298-415C-4159-AECF-FCD7CFF917F4}.Debug|x86.Build.0 = Debug|x86
		{94C55298-415C-4159-AECF-FCD7CFF917F4}.Debug|x86.Deploy.0 = Debug|x86
		{94C55298-415C-4159-AECF-FCD7CFF917F4}.Release|Any CPU.ActiveCfg = Release|Any CPU
		{94C55298-415C-4159-AECF-FCD7CFF917F4}.Release|Any CPU.Build.0 = Release|Any CPU
		{94C55298-415C-4159-AECF-FCD7CFF917F4}.Release|Any CPU.Deploy.0 = Release|Any CPU
		{94C55298-415C-4159-AECF-FCD7CFF917F4}.Release|ARM.ActiveCfg = Release|ARM
		{94C55298-415C-4159-AECF-FCD7CFF917F4}.Release|ARM.Build.0 = Release|ARM
		{94C55298-415C-4159-AECF-FCD7CFF917F4}.Release|ARM.Deploy.0 = Release|ARM
		{94C55298-415C-4159-AECF-FCD7CFF917F4}.Release|x64.ActiveCfg = Release|x64
		{94C55298-415C-4159-AECF-FCD7CFF917F4}.Release|x64.Build.0 = Release|x64
		{94C55298-415C-4159-AECF-FCD7CFF917F4}.Release|x64.Deploy.0 = Release|x64
		{94C55298-415C-4159-AECF-FCD7CFF917F4}.Release|x86.ActiveCfg = Release|x86
		{94C55298-415C-4159-AECF-FCD7CFF917F4}.Release|x86.Build.0 = Release|x86
		{94C55298-415C-4159-AECF-FCD7CFF917F4}.Release|x86.Deploy.0 = Release|x86
		{8D99B9C3-DC12-453C-85DC-4CC6F5A0EDB0}.Debug|Any CPU.ActiveCfg = Debug|Any CPU
		{8D99B9C3-DC12-453C-85DC-4CC6F5A0EDB0}.Debug|Any CPU.Build.0 = Debug|Any CPU
		{8D99B9C3-DC12-453C-85DC-4CC6F5A0EDB0}.Debug|Any CPU.Deploy.0 = Debug|Any CPU
		{8D99B9C3-DC12-453C-85DC-4CC6F5A0EDB0}.Debug|ARM.ActiveCfg = Debug|ARM
		{8D99B9C3-DC12-453C-85DC-4CC6F5A0EDB0}.Debug|ARM.Build.0 = Debug|ARM
		{8D99B9C3-DC12-453C-85DC-4CC6F5A0EDB0}.Debug|ARM.Deploy.0 = Debug|ARM
		{8D99B9C3-DC12-453C-85DC-4CC6F5A0EDB0}.Debug|x64.ActiveCfg = Debug|Any CPU
		{8D99B9C3-DC12-453C-85DC-4CC6F5A0EDB0}.Debug|x64.Build.0 = Debug|Any CPU
		{8D99B9C3-DC12-453C-85DC-4CC6F5A0EDB0}.Debug|x64.Deploy.0 = Debug|Any CPU
		{8D99B9C3-DC12-453C-85DC-4CC6F5A0EDB0}.Debug|x86.ActiveCfg = Debug|x86
		{8D99B9C3-DC12-453C-85DC-4CC6F5A0EDB0}.Debug|x86.Build.0 = Debug|x86
		{8D99B9C3-DC12-453C-85DC-4CC6F5A0EDB0}.Debug|x86.Deploy.0 = Debug|x86
		{8D99B9C3-DC12-453C-85DC-4CC6F5A0EDB0}.Release|Any CPU.ActiveCfg = Release|Any CPU
		{8D99B9C3-DC12-453C-85DC-4CC6F5A0EDB0}.Release|Any CPU.Build.0 = Release|Any CPU
		{8D99B9C3-DC12-453C-85DC-4CC6F5A0EDB0}.Release|Any CPU.Deploy.0 = Release|Any CPU
		{8D99B9C3-DC12-453C-85DC-4CC6F5A0EDB0}.Release|ARM.ActiveCfg = Release|ARM
		{8D99B9C3-DC12-453C-85DC-4CC6F5A0EDB0}.Release|ARM.Build.0 = Release|ARM
		{8D99B9C3-DC12-453C-85DC-4CC6F5A0EDB0}.Release|ARM.Deploy.0 = Release|ARM
		{8D99B9C3-DC12-453C-85DC-4CC6F5A0EDB0}.Release|x64.ActiveCfg = Release|Any CPU
		{8D99B9C3-DC12-453C-85DC-4CC6F5A0EDB0}.Release|x64.Build.0 = Release|Any CPU
		{8D99B9C3-DC12-453C-85DC-4CC6F5A0EDB0}.Release|x64.Deploy.0 = Release|Any CPU
		{8D99B9C3-DC12-453C-85DC-4CC6F5A0EDB0}.Release|x86.ActiveCfg = Release|x86
		{8D99B9C3-DC12-453C-85DC-4CC6F5A0EDB0}.Release|x86.Build.0 = Release|x86
		{8D99B9C3-DC12-453C-85DC-4CC6F5A0EDB0}.Release|x86.Deploy.0 = Release|x86
	EndGlobalSection
	GlobalSection(SolutionProperties) = preSolution
		HideSolutionNode = FALSE
	EndGlobalSection
	GlobalSection(NestedProjects) = preSolution
		{FF69EA1D-3E36-4920-BCA7-6485100D0ABF} = {AD26870A-E563-4717-B2D0-3A6D655A3A0C}
		{94C55298-415C-4159-AECF-FCD7CFF917F4} = {AD26870A-E563-4717-B2D0-3A6D655A3A0C}
		{8D99B9C3-DC12-453C-85DC-4CC6F5A0EDB0} = {AD26870A-E563-4717-B2D0-3A6D655A3A0C}
	EndGlobalSection
EndGlobal
